PODS:
  - Alamofire (3.4.1)
  - FDFullscreenPopGesture (1.1)
  - Kingfisher (2.4.1)
  - RxCocoa (2.5.0):
    - RxSwift (~> 2.5)
  - RxSwift (2.5.0)
  - SnapKit (0.21.1)
  - SVProgressHUD (1.1.3)
  - SwiftyJSON (2.3.2)

DEPENDENCIES:
  - Alamofire
  - FDFullscreenPopGesture (~> 1.1)
  - Kingfisher
  - RxCocoa
  - RxSwift
  - SnapKit
  - SVProgressHUD
  - SwiftyJSON

SPEC CHECKSUMS:
  Alamofire: 01a82e2f6c0f860ade35534c8dd88be61bdef40c
  FDFullscreenPopGesture: a8a620179e3d9c40e8e00256dcee1c1a27c6d0f0
  Kingfisher: 41aed5b6c1ed8fa98cf6d75283ce89cf7890f517
  RxCocoa: e1b1562e57a554d0fb2aabf9d71b637f177257c7
  RxSwift: 402b41a50e922a0368fc14cb3bc9f4427920e8ae
  SnapKit: bbad04cb016c7cead63965f16b00c09318d271ee
  SVProgressHUD: 748080e4f36e603f6c02aec292664239df5279c1
  SwiftyJSON: 04ccea08915aa0109039157c7974cf0298da292a

PODFILE CHECKSUM: 8b99f65f66d02924bc65837e34fe167e33c4a9a6

COCOAPODS: 1.0.1
