// !$*UTF8*$!
{
	archiveVersion = 1;
	classes = {
	};
	objectVersion = 46;
	objects = {

/* Begin PBXBuildFile section */
		250041941D3DD15D00994B58 /* AppDelegate.swift in Sources */ = {isa = PBXBuildFile; fileRef = 250041931D3DD15D00994B58 /* AppDelegate.swift */; };
		2500419B1D3DD15D00994B58 /* Assets.xcassets in Resources */ = {isa = PBXBuildFile; fileRef = 2500419A1D3DD15D00994B58 /* Assets.xcassets */; };
		250041A91D3DD15D00994B58 /* DanTangTests.swift in Sources */ = {isa = PBXBuildFile; fileRef = 250041A81D3DD15D00994B58 /* DanTangTests.swift */; };
		250041B41D3DD15D00994B58 /* DanTangUITests.swift in Sources */ = {isa = PBXBuildFile; fileRef = 250041B31D3DD15D00994B58 /* DanTangUITests.swift */; };
		250041C21D3DDAAA00994B58 /* base.string in Resources */ = {isa = PBXBuildFile; fileRef = 250041C11D3DDAAA00994B58 /* base.string */; };
		250041C41D3DDAB700994B58 /* calendar.js in Resources */ = {isa = PBXBuildFile; fileRef = 250041C31D3DDAB700994B58 /* calendar.js */; };
		250041C81D3DDAC500994B58 /* sub.string in Resources */ = {isa = PBXBuildFile; fileRef = 250041C71D3DDAC500994B58 /* sub.string */; };
		42286D53335AB268A23B7214 /* Pods_DanTang.framework in Frameworks */ = {isa = PBXBuildFile; fileRef = 029A5747CCA0E72871DA1027 /* Pods_DanTang.framework */; };
		883B629F1D7FDFF9006FDC48 /* YMTabBarController.swift in Sources */ = {isa = PBXBuildFile; fileRef = 883B629E1D7FDFF9006FDC48 /* YMTabBarController.swift */; };
		883B62A11D7FE171006FDC48 /* YMNavigationController.swift in Sources */ = {isa = PBXBuildFile; fileRef = 883B62A01D7FE171006FDC48 /* YMNavigationController.swift */; };
		883B62A41D7FE432006FDC48 /* YMMeViewController.swift in Sources */ = {isa = PBXBuildFile; fileRef = 883B62A31D7FE432006FDC48 /* YMMeViewController.swift */; };
		883B62A71D7FE881006FDC48 /* YMDanTangViewController.swift in Sources */ = {isa = PBXBuildFile; fileRef = 883B62A61D7FE881006FDC48 /* YMDanTangViewController.swift */; };
		883B62AA1D7FED20006FDC48 /* YMChannel.swift in Sources */ = {isa = PBXBuildFile; fileRef = 883B62A91D7FED20006FDC48 /* YMChannel.swift */; };
		883B62AC1D7FEDD1006FDC48 /* YMHomeItem.swift in Sources */ = {isa = PBXBuildFile; fileRef = 883B62AB1D7FEDD1006FDC48 /* YMHomeItem.swift */; };
		883B62AE1D7FEE39006FDC48 /* YMBaseViewController.swift in Sources */ = {isa = PBXBuildFile; fileRef = 883B62AD1D7FEE39006FDC48 /* YMBaseViewController.swift */; };
		883B62B11D7FF19E006FDC48 /* YMConst.swift in Sources */ = {isa = PBXBuildFile; fileRef = 883B62B01D7FF19E006FDC48 /* YMConst.swift */; };
		883B62B31D7FF1C7006FDC48 /* YMNetworkTool.swift in Sources */ = {isa = PBXBuildFile; fileRef = 883B62B21D7FF1C7006FDC48 /* YMNetworkTool.swift */; };
		883B62B51D7FF427006FDC48 /* YMTopicViewController.swift in Sources */ = {isa = PBXBuildFile; fileRef = 883B62B41D7FF427006FDC48 /* YMTopicViewController.swift */; };
		883B62B81D7FF617006FDC48 /* String+Extension.swift in Sources */ = {isa = PBXBuildFile; fileRef = 883B62B71D7FF617006FDC48 /* String+Extension.swift */; };
		883B62BA1D7FF63F006FDC48 /* UIViewExtension.swift in Sources */ = {isa = PBXBuildFile; fileRef = 883B62B91D7FF63F006FDC48 /* UIViewExtension.swift */; };
		883B62BF1D801150006FDC48 /* YMHomeCell.swift in Sources */ = {isa = PBXBuildFile; fileRef = 883B62BE1D801150006FDC48 /* YMHomeCell.swift */; };
		883B62C51D801E0D006FDC48 /* YMHomeCell.xib in Resources */ = {isa = PBXBuildFile; fileRef = 883B62C41D801E0D006FDC48 /* YMHomeCell.xib */; };
		883B62C71D806406006FDC48 /* YMDetailViewController.swift in Sources */ = {isa = PBXBuildFile; fileRef = 883B62C61D806406006FDC48 /* YMDetailViewController.swift */; };
		883B62CB1D812C83006FDC48 /* YMLoginViewController.swift in Sources */ = {isa = PBXBuildFile; fileRef = 883B62C91D812C83006FDC48 /* YMLoginViewController.swift */; };
		883B62CC1D812C83006FDC48 /* YMLoginViewController.xib in Resources */ = {isa = PBXBuildFile; fileRef = 883B62CA1D812C83006FDC48 /* YMLoginViewController.xib */; };
/* End PBXBuildFile section */

/* Begin PBXContainerItemProxy section */
		250041A51D3DD15D00994B58 /* PBXContainerItemProxy */ = {
			isa = PBXContainerItemProxy;
			containerPortal = 250041881D3DD15D00994B58 /* Project object */;
			proxyType = 1;
			remoteGlobalIDString = 2500418F1D3DD15D00994B58;
			remoteInfo = DanTang;
		};
		250041B01D3DD15D00994B58 /* PBXContainerItemProxy */ = {
			isa = PBXContainerItemProxy;
			containerPortal = 250041881D3DD15D00994B58 /* Project object */;
			proxyType = 1;
			remoteGlobalIDString = 2500418F1D3DD15D00994B58;
			remoteInfo = DanTang;
		};
/* End PBXContainerItemProxy section */

/* Begin PBXFileReference section */
		029A5747CCA0E72871DA1027 /* Pods_DanTang.framework */ = {isa = PBXFileReference; explicitFileType = wrapper.framework; includeInIndex = 0; path = Pods_DanTang.framework; sourceTree = BUILT_PRODUCTS_DIR; };
		250041901D3DD15D00994B58 /* DanTang.app */ = {isa = PBXFileReference; explicitFileType = wrapper.application; includeInIndex = 0; path = DanTang.app; sourceTree = BUILT_PRODUCTS_DIR; };
		250041931D3DD15D00994B58 /* AppDelegate.swift */ = {isa = PBXFileReference; lastKnownFileType = sourcecode.swift; path = AppDelegate.swift; sourceTree = "<group>"; };
		2500419A1D3DD15D00994B58 /* Assets.xcassets */ = {isa = PBXFileReference; lastKnownFileType = folder.assetcatalog; path = Assets.xcassets; sourceTree = "<group>"; };
		2500419F1D3DD15D00994B58 /* Info.plist */ = {isa = PBXFileReference; lastKnownFileType = text.plist.xml; path = Info.plist; sourceTree = "<group>"; };
		250041A41D3DD15D00994B58 /* DanTangTests.xctest */ = {isa = PBXFileReference; explicitFileType = wrapper.cfbundle; includeInIndex = 0; path = DanTangTests.xctest; sourceTree = BUILT_PRODUCTS_DIR; };
		250041A81D3DD15D00994B58 /* DanTangTests.swift */ = {isa = PBXFileReference; lastKnownFileType = sourcecode.swift; path = DanTangTests.swift; sourceTree = "<group>"; };
		250041AA1D3DD15D00994B58 /* Info.plist */ = {isa = PBXFileReference; lastKnownFileType = text.plist.xml; path = Info.plist; sourceTree = "<group>"; };
		250041AF1D3DD15D00994B58 /* DanTangUITests.xctest */ = {isa = PBXFileReference; explicitFileType = wrapper.cfbundle; includeInIndex = 0; path = DanTangUITests.xctest; sourceTree = BUILT_PRODUCTS_DIR; };
		250041B31D3DD15D00994B58 /* DanTangUITests.swift */ = {isa = PBXFileReference; lastKnownFileType = sourcecode.swift; path = DanTangUITests.swift; sourceTree = "<group>"; };
		250041B51D3DD15D00994B58 /* Info.plist */ = {isa = PBXFileReference; lastKnownFileType = text.plist.xml; path = Info.plist; sourceTree = "<group>"; };
		250041C11D3DDAAA00994B58 /* base.string */ = {isa = PBXFileReference; fileEncoding = 4; lastKnownFileType = text; path = base.string; sourceTree = "<group>"; };
		250041C31D3DDAB700994B58 /* calendar.js */ = {isa = PBXFileReference; fileEncoding = 4; lastKnownFileType = sourcecode.javascript; path = calendar.js; sourceTree = "<group>"; };
		250041C71D3DDAC500994B58 /* sub.string */ = {isa = PBXFileReference; fileEncoding = 4; lastKnownFileType = text; path = sub.string; sourceTree = "<group>"; };
		7EE6274EAC5BDF02ABACE829 /* Pods-DanTang.debug.xcconfig */ = {isa = PBXFileReference; includeInIndex = 1; lastKnownFileType = text.xcconfig; name = "Pods-DanTang.debug.xcconfig"; path = "Pods/Target Support Files/Pods-DanTang/Pods-DanTang.debug.xcconfig"; sourceTree = "<group>"; };
		883B629E1D7FDFF9006FDC48 /* YMTabBarController.swift */ = {isa = PBXFileReference; fileEncoding = 4; lastKnownFileType = sourcecode.swift; path = YMTabBarController.swift; sourceTree = "<group>"; };
		883B62A01D7FE171006FDC48 /* YMNavigationController.swift */ = {isa = PBXFileReference; fileEncoding = 4; lastKnownFileType = sourcecode.swift; path = YMNavigationController.swift; sourceTree = "<group>"; };
		883B62A31D7FE432006FDC48 /* YMMeViewController.swift */ = {isa = PBXFileReference; fileEncoding = 4; lastKnownFileType = sourcecode.swift; path = YMMeViewController.swift; sourceTree = "<group>"; };
		883B62A61D7FE881006FDC48 /* YMDanTangViewController.swift */ = {isa = PBXFileReference; fileEncoding = 4; lastKnownFileType = sourcecode.swift; path = YMDanTangViewController.swift; sourceTree = "<group>"; };
		883B62A91D7FED20006FDC48 /* YMChannel.swift */ = {isa = PBXFileReference; fileEncoding = 4; lastKnownFileType = sourcecode.swift; path = YMChannel.swift; sourceTree = "<group>"; };
		883B62AB1D7FEDD1006FDC48 /* YMHomeItem.swift */ = {isa = PBXFileReference; fileEncoding = 4; lastKnownFileType = sourcecode.swift; path = YMHomeItem.swift; sourceTree = "<group>"; };
		883B62AD1D7FEE39006FDC48 /* YMBaseViewController.swift */ = {isa = PBXFileReference; fileEncoding = 4; lastKnownFileType = sourcecode.swift; path = YMBaseViewController.swift; sourceTree = "<group>"; };
		883B62B01D7FF19E006FDC48 /* YMConst.swift */ = {isa = PBXFileReference; fileEncoding = 4; lastKnownFileType = sourcecode.swift; path = YMConst.swift; sourceTree = "<group>"; };
		883B62B21D7FF1C7006FDC48 /* YMNetworkTool.swift */ = {isa = PBXFileReference; fileEncoding = 4; lastKnownFileType = sourcecode.swift; path = YMNetworkTool.swift; sourceTree = "<group>"; };
		883B62B41D7FF427006FDC48 /* YMTopicViewController.swift */ = {isa = PBXFileReference; fileEncoding = 4; lastKnownFileType = sourcecode.swift; path = YMTopicViewController.swift; sourceTree = "<group>"; };
		883B62B71D7FF617006FDC48 /* String+Extension.swift */ = {isa = PBXFileReference; fileEncoding = 4; lastKnownFileType = sourcecode.swift; path = "String+Extension.swift"; sourceTree = "<group>"; };
		883B62B91D7FF63F006FDC48 /* UIViewExtension.swift */ = {isa = PBXFileReference; fileEncoding = 4; lastKnownFileType = sourcecode.swift; path = UIViewExtension.swift; sourceTree = "<group>"; };
		883B62BE1D801150006FDC48 /* YMHomeCell.swift */ = {isa = PBXFileReference; fileEncoding = 4; lastKnownFileType = sourcecode.swift; path = YMHomeCell.swift; sourceTree = "<group>"; };
		883B62C41D801E0D006FDC48 /* YMHomeCell.xib */ = {isa = PBXFileReference; fileEncoding = 4; lastKnownFileType = file.xib; path = YMHomeCell.xib; sourceTree = "<group>"; };
		883B62C61D806406006FDC48 /* YMDetailViewController.swift */ = {isa = PBXFileReference; fileEncoding = 4; lastKnownFileType = sourcecode.swift; path = YMDetailViewController.swift; sourceTree = "<group>"; };
		883B62C91D812C83006FDC48 /* YMLoginViewController.swift */ = {isa = PBXFileReference; fileEncoding = 4; lastKnownFileType = sourcecode.swift; path = YMLoginViewController.swift; sourceTree = "<group>"; };
		883B62CA1D812C83006FDC48 /* YMLoginViewController.xib */ = {isa = PBXFileReference; fileEncoding = 4; lastKnownFileType = file.xib; path = YMLoginViewController.xib; sourceTree = "<group>"; };
		E44B33F64C0B9239510F9B6D /* Pods-DanTang.release.xcconfig */ = {isa = PBXFileReference; includeInIndex = 1; lastKnownFileType = text.xcconfig; name = "Pods-DanTang.release.xcconfig"; path = "Pods/Target Support Files/Pods-DanTang/Pods-DanTang.release.xcconfig"; sourceTree = "<group>"; };
/* End PBXFileReference section */

/* Begin PBXFrameworksBuildPhase section */
		2500418D1D3DD15D00994B58 /* Frameworks */ = {
			isa = PBXFrameworksBuildPhase;
			buildActionMask = 2147483647;
			files = (
				42286D53335AB268A23B7214 /* Pods_DanTang.framework in Frameworks */,
			);
			runOnlyForDeploymentPostprocessing = 0;
		};
		250041A11D3DD15D00994B58 /* Frameworks */ = {
			isa = PBXFrameworksBuildPhase;
			buildActionMask = 2147483647;
			files = (
			);
			runOnlyForDeploymentPostprocessing = 0;
		};
		250041AC1D3DD15D00994B58 /* Frameworks */ = {
			isa = PBXFrameworksBuildPhase;
			buildActionMask = 2147483647;
			files = (
			);
			runOnlyForDeploymentPostprocessing = 0;
		};
/* End PBXFrameworksBuildPhase section */

/* Begin PBXGroup section */
		1263E1EFC45B1CAD85C1087C /* Pods */ = {
			isa = PBXGroup;
			children = (
				7EE6274EAC5BDF02ABACE829 /* Pods-DanTang.debug.xcconfig */,
				E44B33F64C0B9239510F9B6D /* Pods-DanTang.release.xcconfig */,
			);
			name = Pods;
			sourceTree = "<group>";
		};
		250041871D3DD15D00994B58 = {
			isa = PBXGroup;
			children = (
				250041921D3DD15D00994B58 /* DanTang */,
				250041A71D3DD15D00994B58 /* DanTangTests */,
				250041B21D3DD15D00994B58 /* DanTangUITests */,
				250041911D3DD15D00994B58 /* Products */,
				1263E1EFC45B1CAD85C1087C /* Pods */,
				BF8805F6EE85642A684E5703 /* Frameworks */,
			);
			sourceTree = "<group>";
		};
		250041911D3DD15D00994B58 /* Products */ = {
			isa = PBXGroup;
			children = (
				250041901D3DD15D00994B58 /* DanTang.app */,
				250041A41D3DD15D00994B58 /* DanTangTests.xctest */,
				250041AF1D3DD15D00994B58 /* DanTangUITests.xctest */,
			);
			name = Products;
			sourceTree = "<group>";
		};
		250041921D3DD15D00994B58 /* DanTang */ = {
			isa = PBXGroup;
			children = (
				883B62951D7FD9D4006FDC48 /* Classes */,
				2500419A1D3DD15D00994B58 /* Assets.xcassets */,
			);
			path = DanTang;
			sourceTree = "<group>";
		};
		250041A71D3DD15D00994B58 /* DanTangTests */ = {
			isa = PBXGroup;
			children = (
				250041A81D3DD15D00994B58 /* DanTangTests.swift */,
				250041AA1D3DD15D00994B58 /* Info.plist */,
			);
			path = DanTangTests;
			sourceTree = "<group>";
		};
		250041B21D3DD15D00994B58 /* DanTangUITests */ = {
			isa = PBXGroup;
			children = (
				250041B31D3DD15D00994B58 /* DanTangUITests.swift */,
				250041B51D3DD15D00994B58 /* Info.plist */,
			);
			path = DanTangUITests;
			sourceTree = "<group>";
		};
		883B62951D7FD9D4006FDC48 /* Classes */ = {
			isa = PBXGroup;
			children = (
				883B62C81D812BF7006FDC48 /* Login&Register */,
				883B629C1D7FDB72006FDC48 /* DanTang */,
				883B629B1D7FDB57006FDC48 /* Classify */,
				883B62991D7FDB3E006FDC48 /* Me */,
				883B62961D7FDA54006FDC48 /* Resource */,
				883B62971D7FDA9D006FDC48 /* Others */,
				883B62981D7FDB36006FDC48 /* Main */,
			);
			name = Classes;
			sourceTree = "<group>";
		};
		883B62961D7FDA54006FDC48 /* Resource */ = {
			isa = PBXGroup;
			children = (
				250041C31D3DDAB700994B58 /* calendar.js */,
				250041C71D3DDAC500994B58 /* sub.string */,
				250041C11D3DDAAA00994B58 /* base.string */,
			);
			name = Resource;
			sourceTree = "<group>";
		};
		883B62971D7FDA9D006FDC48 /* Others */ = {
			isa = PBXGroup;
			children = (
				250041931D3DD15D00994B58 /* AppDelegate.swift */,
				2500419F1D3DD15D00994B58 /* Info.plist */,
			);
			name = Others;
			sourceTree = "<group>";
		};
		883B62981D7FDB36006FDC48 /* Main */ = {
			isa = PBXGroup;
			children = (
				883B62B61D7FF544006FDC48 /* Category */,
				883B62AF1D7FF168006FDC48 /* Tools */,
				883B629D1D7FDB97006FDC48 /* Controller */,
			);
			name = Main;
			sourceTree = "<group>";
		};
		883B62991D7FDB3E006FDC48 /* Me */ = {
			isa = PBXGroup;
			children = (
				883B62A21D7FE40A006FDC48 /* Controller */,
			);
			name = Me;
			sourceTree = "<group>";
		};
		883B629B1D7FDB57006FDC48 /* Classify */ = {
			isa = PBXGroup;
			children = (
			);
			name = Classify;
			sourceTree = "<group>";
		};
		883B629C1D7FDB72006FDC48 /* DanTang */ = {
			isa = PBXGroup;
			children = (
				883B62BB1D8002C5006FDC48 /* Views */,
				883B62A81D7FECF7006FDC48 /* Model */,
				883B62A51D7FE851006FDC48 /* Controller */,
			);
			name = DanTang;
			sourceTree = "<group>";
		};
		883B629D1D7FDB97006FDC48 /* Controller */ = {
			isa = PBXGroup;
			children = (
				883B629E1D7FDFF9006FDC48 /* YMTabBarController.swift */,
				883B62A01D7FE171006FDC48 /* YMNavigationController.swift */,
				883B62AD1D7FEE39006FDC48 /* YMBaseViewController.swift */,
			);
			name = Controller;
			sourceTree = "<group>";
		};
		883B62A21D7FE40A006FDC48 /* Controller */ = {
			isa = PBXGroup;
			children = (
				883B62A31D7FE432006FDC48 /* YMMeViewController.swift */,
			);
			name = Controller;
			sourceTree = "<group>";
		};
		883B62A51D7FE851006FDC48 /* Controller */ = {
			isa = PBXGroup;
			children = (
				883B62A61D7FE881006FDC48 /* YMDanTangViewController.swift */,
				883B62B41D7FF427006FDC48 /* YMTopicViewController.swift */,
				883B62C61D806406006FDC48 /* YMDetailViewController.swift */,
			);
			name = Controller;
			sourceTree = "<group>";
		};
		883B62A81D7FECF7006FDC48 /* Model */ = {
			isa = PBXGroup;
			children = (
				883B62A91D7FED20006FDC48 /* YMChannel.swift */,
				883B62AB1D7FEDD1006FDC48 /* YMHomeItem.swift */,
			);
			name = Model;
			sourceTree = "<group>";
		};
		883B62AF1D7FF168006FDC48 /* Tools */ = {
			isa = PBXGroup;
			children = (
				883B62B01D7FF19E006FDC48 /* YMConst.swift */,
				883B62B21D7FF1C7006FDC48 /* YMNetworkTool.swift */,
			);
			name = Tools;
			sourceTree = "<group>";
		};
		883B62B61D7FF544006FDC48 /* Category */ = {
			isa = PBXGroup;
			children = (
				883B62B71D7FF617006FDC48 /* String+Extension.swift */,
				883B62B91D7FF63F006FDC48 /* UIViewExtension.swift */,
			);
			name = Category;
			sourceTree = "<group>";
		};
		883B62BB1D8002C5006FDC48 /* Views */ = {
			isa = PBXGroup;
			children = (
				883B62BE1D801150006FDC48 /* YMHomeCell.swift */,
				883B62C41D801E0D006FDC48 /* YMHomeCell.xib */,
			);
			name = Views;
			sourceTree = "<group>";
		};
		883B62C81D812BF7006FDC48 /* Login&Register */ = {
			isa = PBXGroup;
			children = (
				883B62C91D812C83006FDC48 /* YMLoginViewController.swift */,
				883B62CA1D812C83006FDC48 /* YMLoginViewController.xib */,
			);
			name = "Login&Register";
			sourceTree = "<group>";
		};
		BF8805F6EE85642A684E5703 /* Frameworks */ = {
			isa = PBXGroup;
			children = (
				029A5747CCA0E72871DA1027 /* Pods_DanTang.framework */,
			);
			name = Frameworks;
			sourceTree = "<group>";
		};
/* End PBXGroup section */

/* Begin PBXNativeTarget section */
		2500418F1D3DD15D00994B58 /* DanTang */ = {
			isa = PBXNativeTarget;
			buildConfigurationList = 250041B81D3DD15D00994B58 /* Build configuration list for PBXNativeTarget "DanTang" */;
			buildPhases = (
				BC2120B87E7E7C72FE7F7A0C /* [CP] Check Pods Manifest.lock */,
				2500418C1D3DD15D00994B58 /* Sources */,
				2500418D1D3DD15D00994B58 /* Frameworks */,
				2500418E1D3DD15D00994B58 /* Resources */,
				1E72990996D4A2B0B1A1F1C4 /* [CP] Embed Pods Frameworks */,
				5CDFF2A4EA21A770363A57FC /* [CP] Copy Pods Resources */,
			);
			buildRules = (
			);
			dependencies = (
			);
			name = DanTang;
			productName = DanTang;
			productReference = 250041901D3DD15D00994B58 /* DanTang.app */;
			productType = "com.apple.product-type.application";
		};
		250041A31D3DD15D00994B58 /* DanTangTests */ = {
			isa = PBXNativeTarget;
			buildConfigurationList = 250041BB1D3DD15D00994B58 /* Build configuration list for PBXNativeTarget "DanTangTests" */;
			buildPhases = (
				250041A01D3DD15D00994B58 /* Sources */,
				250041A11D3DD15D00994B58 /* Frameworks */,
				250041A21D3DD15D00994B58 /* Resources */,
			);
			buildRules = (
			);
			dependencies = (
				250041A61D3DD15D00994B58 /* PBXTargetDependency */,
			);
			name = DanTangTests;
			productName = DanTangTests;
			productReference = 250041A41D3DD15D00994B58 /* DanTangTests.xctest */;
			productType = "com.apple.product-type.bundle.unit-test";
		};
		250041AE1D3DD15D00994B58 /* DanTangUITests */ = {
			isa = PBXNativeTarget;
			buildConfigurationList = 250041BE1D3DD15D00994B58 /* Build configuration list for PBXNativeTarget "DanTangUITests" */;
			buildPhases = (
				250041AB1D3DD15D00994B58 /* Sources */,
				250041AC1D3DD15D00994B58 /* Frameworks */,
				250041AD1D3DD15D00994B58 /* Resources */,
			);
			buildRules = (
			);
			dependencies = (
				250041B11D3DD15D00994B58 /* PBXTargetDependency */,
			);
			name = DanTangUITests;
			productName = DanTangUITests;
			productReference = 250041AF1D3DD15D00994B58 /* DanTangUITests.xctest */;
			productType = "com.apple.product-type.bundle.ui-testing";
		};
/* End PBXNativeTarget section */

/* Begin PBXProject section */
		250041881D3DD15D00994B58 /* Project object */ = {
			isa = PBXProject;
			attributes = {
				LastSwiftUpdateCheck = 0730;
				LastUpgradeCheck = 0730;
				ORGANIZATIONNAME = hrscy;
				TargetAttributes = {
					2500418F1D3DD15D00994B58 = {
						CreatedOnToolsVersion = 7.3.1;
					};
					250041A31D3DD15D00994B58 = {
						CreatedOnToolsVersion = 7.3.1;
						TestTargetID = 2500418F1D3DD15D00994B58;
					};
					250041AE1D3DD15D00994B58 = {
						CreatedOnToolsVersion = 7.3.1;
						TestTargetID = 2500418F1D3DD15D00994B58;
					};
				};
			};
			buildConfigurationList = 2500418B1D3DD15D00994B58 /* Build configuration list for PBXProject "DanTang" */;
			compatibilityVersion = "Xcode 3.2";
			developmentRegion = English;
			hasScannedForEncodings = 0;
			knownRegions = (
				en,
				Base,
			);
			mainGroup = 250041871D3DD15D00994B58;
			productRefGroup = 250041911D3DD15D00994B58 /* Products */;
			projectDirPath = "";
			projectRoot = "";
			targets = (
				2500418F1D3DD15D00994B58 /* DanTang */,
				250041A31D3DD15D00994B58 /* DanTangTests */,
				250041AE1D3DD15D00994B58 /* DanTangUITests */,
			);
		};
/* End PBXProject section */

/* Begin PBXResourcesBuildPhase section */
		2500418E1D3DD15D00994B58 /* Resources */ = {
			isa = PBXResourcesBuildPhase;
			buildActionMask = 2147483647;
			files = (
				883B62CC1D812C83006FDC48 /* YMLoginViewController.xib in Resources */,
				2500419B1D3DD15D00994B58 /* Assets.xcassets in Resources */,
				250041C21D3DDAAA00994B58 /* base.string in Resources */,
				250041C41D3DDAB700994B58 /* calendar.js in Resources */,
				250041C81D3DDAC500994B58 /* sub.string in Resources */,
				883B62C51D801E0D006FDC48 /* YMHomeCell.xib in Resources */,
			);
			runOnlyForDeploymentPostprocessing = 0;
		};
		250041A21D3DD15D00994B58 /* Resources */ = {
			isa = PBXResourcesBuildPhase;
			buildActionMask = 2147483647;
			files = (
			);
			runOnlyForDeploymentPostprocessing = 0;
		};
		250041AD1D3DD15D00994B58 /* Resources */ = {
			isa = PBXResourcesBuildPhase;
			buildActionMask = 2147483647;
			files = (
			);
			runOnlyForDeploymentPostprocessing = 0;
		};
/* End PBXResourcesBuildPhase section */

/* Begin PBXShellScriptBuildPhase section */
		1E72990996D4A2B0B1A1F1C4 /* [CP] Embed Pods Frameworks */ = {
			isa = PBXShellScriptBuildPhase;
			buildActionMask = 2147483647;
			files = (
			);
			inputPaths = (
			);
			name = "[CP] Embed Pods Frameworks";
			outputPaths = (
			);
			runOnlyForDeploymentPostprocessing = 0;
			shellPath = /bin/sh;
			shellScript = "\"${SRCROOT}/Pods/Target Support Files/Pods-DanTang/Pods-DanTang-frameworks.sh\"\n";
			showEnvVarsInLog = 0;
		};
		5CDFF2A4EA21A770363A57FC /* [CP] Copy Pods Resources */ = {
			isa = PBXShellScriptBuildPhase;
			buildActionMask = 2147483647;
			files = (
			);
			inputPaths = (
			);
			name = "[CP] Copy Pods Resources";
			outputPaths = (
			);
			runOnlyForDeploymentPostprocessing = 0;
			shellPath = /bin/sh;
			shellScript = "\"${SRCROOT}/Pods/Target Support Files/Pods-DanTang/Pods-DanTang-resources.sh\"\n";
			showEnvVarsInLog = 0;
		};
		BC2120B87E7E7C72FE7F7A0C /* [CP] Check Pods Manifest.lock */ = {
			isa = PBXShellScriptBuildPhase;
			buildActionMask = 2147483647;
			files = (
			);
			inputPaths = (
			);
			name = "[CP] Check Pods Manifest.lock";
			outputPaths = (
			);
			runOnlyForDeploymentPostprocessing = 0;
			shellPath = /bin/sh;
			shellScript = "diff \"${PODS_ROOT}/../Podfile.lock\" \"${PODS_ROOT}/Manifest.lock\" > /dev/null\nif [[ $? != 0 ]] ; then\n    cat << EOM\nerror: The sandbox is not in sync with the Podfile.lock. Run 'pod install' or update your CocoaPods installation.\nEOM\n    exit 1\nfi\n";
			showEnvVarsInLog = 0;
		};
/* End PBXShellScriptBuildPhase section */

/* Begin PBXSourcesBuildPhase section */
		2500418C1D3DD15D00994B58 /* Sources */ = {
			isa = PBXSourcesBuildPhase;
			buildActionMask = 2147483647;
			files = (
				883B62B31D7FF1C7006FDC48 /* YMNetworkTool.swift in Sources */,
				883B62B51D7FF427006FDC48 /* YMTopicViewController.swift in Sources */,
				883B62AC1D7FEDD1006FDC48 /* YMHomeItem.swift in Sources */,
				883B62BA1D7FF63F006FDC48 /* UIViewExtension.swift in Sources */,
				883B62CB1D812C83006FDC48 /* YMLoginViewController.swift in Sources */,
				883B62A11D7FE171006FDC48 /* YMNavigationController.swift in Sources */,
				883B62A71D7FE881006FDC48 /* YMDanTangViewController.swift in Sources */,
				883B62B81D7FF617006FDC48 /* String+Extension.swift in Sources */,
				883B629F1D7FDFF9006FDC48 /* YMTabBarController.swift in Sources */,
				883B62AA1D7FED20006FDC48 /* YMChannel.swift in Sources */,
				883B62BF1D801150006FDC48 /* YMHomeCell.swift in Sources */,
				250041941D3DD15D00994B58 /* AppDelegate.swift in Sources */,
				883B62B11D7FF19E006FDC48 /* YMConst.swift in Sources */,
				883B62C71D806406006FDC48 /* YMDetailViewController.swift in Sources */,
				883B62A41D7FE432006FDC48 /* YMMeViewController.swift in Sources */,
				883B62AE1D7FEE39006FDC48 /* YMBaseViewController.swift in Sources */,
			);
			runOnlyForDeploymentPostprocessing = 0;
		};
		250041A01D3DD15D00994B58 /* Sources */ = {
			isa = PBXSourcesBuildPhase;
			buildActionMask = 2147483647;
			files = (
				250041A91D3DD15D00994B58 /* DanTangTests.swift in Sources */,
			);
			runOnlyForDeploymentPostprocessing = 0;
		};
		250041AB1D3DD15D00994B58 /* Sources */ = {
			isa = PBXSourcesBuildPhase;
			buildActionMask = 2147483647;
			files = (
				250041B41D3DD15D00994B58 /* DanTangUITests.swift in Sources */,
			);
			runOnlyForDeploymentPostprocessing = 0;
		};
/* End PBXSourcesBuildPhase section */

/* Begin PBXTargetDependency section */
		250041A61D3DD15D00994B58 /* PBXTargetDependency */ = {
			isa = PBXTargetDependency;
			target = 2500418F1D3DD15D00994B58 /* DanTang */;
			targetProxy = 250041A51D3DD15D00994B58 /* PBXContainerItemProxy */;
		};
		250041B11D3DD15D00994B58 /* PBXTargetDependency */ = {
			isa = PBXTargetDependency;
			target = 2500418F1D3DD15D00994B58 /* DanTang */;
			targetProxy = 250041B01D3DD15D00994B58 /* PBXContainerItemProxy */;
		};
/* End PBXTargetDependency section */

/* Begin XCBuildConfiguration section */
		250041B61D3DD15D00994B58 /* Debug */ = {
			isa = XCBuildConfiguration;
			buildSettings = {
				ALWAYS_SEARCH_USER_PATHS = NO;
				CLANG_ANALYZER_NONNULL = YES;
				CLANG_CXX_LANGUAGE_STANDARD = "gnu++0x";
				CLANG_CXX_LIBRARY = "libc++";
				CLANG_ENABLE_MODULES = YES;
				CLANG_ENABLE_OBJC_ARC = YES;
				CLANG_WARN_BOOL_CONVERSION = YES;
				CLANG_WARN_CONSTANT_CONVERSION = YES;
				CLANG_WARN_DIRECT_OBJC_ISA_USAGE = YES_ERROR;
				CLANG_WARN_EMPTY_BODY = YES;
				CLANG_WARN_ENUM_CONVERSION = YES;
				CLANG_WARN_INT_CONVERSION = YES;
				CLANG_WARN_OBJC_ROOT_CLASS = YES_ERROR;
				CLANG_WARN_UNREACHABLE_CODE = YES;
				CLANG_WARN__DUPLICATE_METHOD_MATCH = YES;
				"CODE_SIGN_IDENTITY[sdk=iphoneos*]" = "iPhone Developer";
				COPY_PHASE_STRIP = NO;
				DEBUG_INFORMATION_FORMAT = dwarf;
				ENABLE_STRICT_OBJC_MSGSEND = YES;
				ENABLE_TESTABILITY = YES;
				GCC_C_LANGUAGE_STANDARD = gnu99;
				GCC_DYNAMIC_NO_PIC = NO;
				GCC_NO_COMMON_BLOCKS = YES;
				GCC_OPTIMIZATION_LEVEL = 0;
				GCC_PREPROCESSOR_DEFINITIONS = (
					"DEBUG=1",
					"$(inherited)",
				);
				GCC_WARN_64_TO_32_BIT_CONVERSION = YES;
				GCC_WARN_ABOUT_RETURN_TYPE = YES_ERROR;
				GCC_WARN_UNDECLARED_SELECTOR = YES;
				GCC_WARN_UNINITIALIZED_AUTOS = YES_AGGRESSIVE;
				GCC_WARN_UNUSED_FUNCTION = YES;
				GCC_WARN_UNUSED_VARIABLE = YES;
				IPHONEOS_DEPLOYMENT_TARGET = 9.3;
				MTL_ENABLE_DEBUG_INFO = YES;
				ONLY_ACTIVE_ARCH = YES;
				SDKROOT = iphoneos;
				SWIFT_OPTIMIZATION_LEVEL = "-Onone";
			};
			name = Debug;
		};
		250041B71D3DD15D00994B58 /* Release */ = {
			isa = XCBuildConfiguration;
			buildSettings = {
				ALWAYS_SEARCH_USER_PATHS = NO;
				CLANG_ANALYZER_NONNULL = YES;
				CLANG_CXX_LANGUAGE_STANDARD = "gnu++0x";
				CLANG_CXX_LIBRARY = "libc++";
				CLANG_ENABLE_MODULES = YES;
				CLANG_ENABLE_OBJC_ARC = YES;
				CLANG_WARN_BOOL_CONVERSION = YES;
				CLANG_WARN_CONSTANT_CONVERSION = YES;
				CLANG_WARN_DIRECT_OBJC_ISA_USAGE = YES_ERROR;
				CLANG_WARN_EMPTY_BODY = YES;
				CLANG_WARN_ENUM_CONVERSION = YES;
				CLANG_WARN_INT_CONVERSION = YES;
				CLANG_WARN_OBJC_ROOT_CLASS = YES_ERROR;
				CLANG_WARN_UNREACHABLE_CODE = YES;
				CLANG_WARN__DUPLICATE_METHOD_MATCH = YES;
				"CODE_SIGN_IDENTITY[sdk=iphoneos*]" = "iPhone Developer";
				COPY_PHASE_STRIP = NO;
				DEBUG_INFORMATION_FORMAT = "dwarf-with-dsym";
				ENABLE_NS_ASSERTIONS = NO;
				ENABLE_STRICT_OBJC_MSGSEND = YES;
				GCC_C_LANGUAGE_STANDARD = gnu99;
				GCC_NO_COMMON_BLOCKS = YES;
				GCC_WARN_64_TO_32_BIT_CONVERSION = YES;
				GCC_WARN_ABOUT_RETURN_TYPE = YES_ERROR;
				GCC_WARN_UNDECLARED_SELECTOR = YES;
				GCC_WARN_UNINITIALIZED_AUTOS = YES_AGGRESSIVE;
				GCC_WARN_UNUSED_FUNCTION = YES;
				GCC_WARN_UNUSED_VARIABLE = YES;
				IPHONEOS_DEPLOYMENT_TARGET = 9.3;
				MTL_ENABLE_DEBUG_INFO = NO;
				SDKROOT = iphoneos;
				VALIDATE_PRODUCT = YES;
			};
			name = Release;
		};
		250041B91D3DD15D00994B58 /* Debug */ = {
			isa = XCBuildConfiguration;
			baseConfigurationReference = 7EE6274EAC5BDF02ABACE829 /* Pods-DanTang.debug.xcconfig */;
			buildSettings = {
				ASSETCATALOG_COMPILER_APPICON_NAME = AppIcon;
				ASSETCATALOG_COMPILER_LAUNCHIMAGE_NAME = LaunchImage;
				INFOPLIST_FILE = DanTang/Info.plist;
				LD_RUNPATH_SEARCH_PATHS = "$(inherited) @executable_path/Frameworks";
				PRODUCT_BUNDLE_IDENTIFIER = com.hrscy.DanTang;
				PRODUCT_NAME = "$(TARGET_NAME)";
			};
			name = Debug;
		};
		250041BA1D3DD15D00994B58 /* Release */ = {
			isa = XCBuildConfiguration;
			baseConfigurationReference = E44B33F64C0B9239510F9B6D /* Pods-DanTang.release.xcconfig */;
			buildSettings = {
				ASSETCATALOG_COMPILER_APPICON_NAME = AppIcon;
				ASSETCATALOG_COMPILER_LAUNCHIMAGE_NAME = LaunchImage;
				INFOPLIST_FILE = DanTang/Info.plist;
				LD_RUNPATH_SEARCH_PATHS = "$(inherited) @executable_path/Frameworks";
				PRODUCT_BUNDLE_IDENTIFIER = com.hrscy.DanTang;
				PRODUCT_NAME = "$(TARGET_NAME)";
			};
			name = Release;
		};
		250041BC1D3DD15D00994B58 /* Debug */ = {
			isa = XCBuildConfiguration;
			buildSettings = {
				BUNDLE_LOADER = "$(TEST_HOST)";
				INFOPLIST_FILE = DanTangTests/Info.plist;
				LD_RUNPATH_SEARCH_PATHS = "$(inherited) @executable_path/Frameworks @loader_path/Frameworks";
				PRODUCT_BUNDLE_IDENTIFIER = com.hrscy.DanTangTests;
				PRODUCT_NAME = "$(TARGET_NAME)";
				TEST_HOST = "$(BUILT_PRODUCTS_DIR)/DanTang.app/DanTang";
			};
			name = Debug;
		};
		250041BD1D3DD15D00994B58 /* Release */ = {
			isa = XCBuildConfiguration;
			buildSettings = {
				BUNDLE_LOADER = "$(TEST_HOST)";
				INFOPLIST_FILE = DanTangTests/Info.plist;
				LD_RUNPATH_SEARCH_PATHS = "$(inherited) @executable_path/Frameworks @loader_path/Frameworks";
				PRODUCT_BUNDLE_IDENTIFIER = com.hrscy.DanTangTests;
				PRODUCT_NAME = "$(TARGET_NAME)";
				TEST_HOST = "$(BUILT_PRODUCTS_DIR)/DanTang.app/DanTang";
			};
			name = Release;
		};
		250041BF1D3DD15D00994B58 /* Debug */ = {
			isa = XCBuildConfiguration;
			buildSettings = {
				INFOPLIST_FILE = DanTangUITests/Info.plist;
				LD_RUNPATH_SEARCH_PATHS = "$(inherited) @executable_path/Frameworks @loader_path/Frameworks";
				PRODUCT_BUNDLE_IDENTIFIER = com.hrscy.DanTangUITests;
				PRODUCT_NAME = "$(TARGET_NAME)";
				TEST_TARGET_NAME = DanTang;
			};
			name = Debug;
		};
		250041C01D3DD15D00994B58 /* Release */ = {
			isa = XCBuildConfiguration;
			buildSettings = {
				INFOPLIST_FILE = DanTangUITests/Info.plist;
				LD_RUNPATH_SEARCH_PATHS = "$(inherited) @executable_path/Frameworks @loader_path/Frameworks";
				PRODUCT_BUNDLE_IDENTIFIER = com.hrscy.DanTangUITests;
				PRODUCT_NAME = "$(TARGET_NAME)";
				TEST_TARGET_NAME = DanTang;
			};
			name = Release;
		};
/* End XCBuildConfiguration section */

/* Begin XCConfigurationList section */
		2500418B1D3DD15D00994B58 /* Build configuration list for PBXProject "DanTang" */ = {
			isa = XCConfigurationList;
			buildConfigurations = (
				250041B61D3DD15D00994B58 /* Debug */,
				250041B71D3DD15D00994B58 /* Release */,
			);
			defaultConfigurationIsVisible = 0;
			defaultConfigurationName = Release;
		};
		250041B81D3DD15D00994B58 /* Build configuration list for PBXNativeTarget "DanTang" */ = {
			isa = XCConfigurationList;
			buildConfigurations = (
				250041B91D3DD15D00994B58 /* Debug */,
				250041BA1D3DD15D00994B58 /* Release */,
			);
			defaultConfigurationIsVisible = 0;
			defaultConfigurationName = Release;
		};
		250041BB1D3DD15D00994B58 /* Build configuration list for PBXNativeTarget "DanTangTests" */ = {
			isa = XCConfigurationList;
			buildConfigurations = (
				250041BC1D3DD15D00994B58 /* Debug */,
				250041BD1D3DD15D00994B58 /* Release */,
			);
			defaultConfigurationIsVisible = 0;
			defaultConfigurationName = Release;
		};
		250041BE1D3DD15D00994B58 /* Build configuration list for PBXNativeTarget "DanTangUITests" */ = {
			isa = XCConfigurationList;
			buildConfigurations = (
				250041BF1D3DD15D00994B58 /* Debug */,
				250041C01D3DD15D00994B58 /* Release */,
			);
			defaultConfigurationIsVisible = 0;
			defaultConfigurationName = Release;
		};
/* End XCConfigurationList section */
	};
	rootObject = 250041881D3DD15D00994B58 /* Project object */;
}
